// !$*UTF8*$!
{
	archiveVersion = 1;
	classes = {
	};
	objectVersion = 46;
	objects = {

/* Begin PBXBuildFile section */
		324DB75419AB7D2900BC3978 /* Foundation.framework in Frameworks */ = {isa = PBXBuildFile; fileRef = 324DB75319AB7D2900BC3978 /* Foundation.framework */; };
		324DB75619AB7D2900BC3978 /* CoreGraphics.framework in Frameworks */ = {isa = PBXBuildFile; fileRef = 324DB75519AB7D2900BC3978 /* CoreGraphics.framework */; };
		324DB75819AB7D2900BC3978 /* UIKit.framework in Frameworks */ = {isa = PBXBuildFile; fileRef = 324DB75719AB7D2900BC3978 /* UIKit.framework */; };
		324DB75E19AB7D2900BC3978 /* InfoPlist.strings in Resources */ = {isa = PBXBuildFile; fileRef = 324DB75C19AB7D2900BC3978 /* InfoPlist.strings */; };
		324DB76019AB7D2900BC3978 /* main.m in Sources */ = {isa = PBXBuildFile; fileRef = 324DB75F19AB7D2900BC3978 /* main.m */; };
		324DB76419AB7D2900BC3978 /* AppDelegate.m in Sources */ = {isa = PBXBuildFile; fileRef = 324DB76319AB7D2900BC3978 /* AppDelegate.m */; };
		324DB76719AB7D2900BC3978 /* Main.storyboard in Resources */ = {isa = PBXBuildFile; fileRef = 324DB76519AB7D2900BC3978 /* Main.storyboard */; };
		324DB76A19AB7D2900BC3978 /* ViewController.m in Sources */ = {isa = PBXBuildFile; fileRef = 324DB76919AB7D2900BC3978 /* ViewController.m */; };
		324DB76C19AB7D2900BC3978 /* Images.xcassets in Resources */ = {isa = PBXBuildFile; fileRef = 324DB76B19AB7D2900BC3978 /* Images.xcassets */; };
		324DB77319AB7D2900BC3978 /* XCTest.framework in Frameworks */ = {isa = PBXBuildFile; fileRef = 324DB77219AB7D2900BC3978 /* XCTest.framework */; };
		324DB77419AB7D2900BC3978 /* Foundation.framework in Frameworks */ = {isa = PBXBuildFile; fileRef = 324DB75319AB7D2900BC3978 /* Foundation.framework */; };
		324DB77519AB7D2900BC3978 /* UIKit.framework in Frameworks */ = {isa = PBXBuildFile; fileRef = 324DB75719AB7D2900BC3978 /* UIKit.framework */; };
		324DB77D19AB7D2900BC3978 /* InfoPlist.strings in Resources */ = {isa = PBXBuildFile; fileRef = 324DB77B19AB7D2900BC3978 /* InfoPlist.strings */; };
		324DB77F19AB7D2900BC3978 /* TweekTests.m in Sources */ = {isa = PBXBuildFile; fileRef = 324DB77E19AB7D2900BC3978 /* TweekTests.m */; };
		324DB78919AB7D5200BC3978 /* Accounts.framework in Frameworks */ = {isa = PBXBuildFile; fileRef = 324DB78819AB7D5200BC3978 /* Accounts.framework */; };
		324DB78B19AB7D6500BC3978 /* Social.framework in Frameworks */ = {isa = PBXBuildFile; fileRef = 324DB78A19AB7D6500BC3978 /* Social.framework */; };
		324DB78E19ABA1A700BC3978 /* NewTWTViewController.m in Sources */ = {isa = PBXBuildFile; fileRef = 324DB78D19ABA1A700BC3978 /* NewTWTViewController.m */; };
		324DB79019AC640E00BC3978 /* README.md in Resources */ = {isa = PBXBuildFile; fileRef = 324DB78F19AC640E00BC3978 /* README.md */; };
/* End PBXBuildFile section */

/* Begin PBXContainerItemProxy section */
		324DB77619AB7D2900BC3978 /* PBXContainerItemProxy */ = {
			isa = PBXContainerItemProxy;
			containerPortal = 324DB74819AB7D2900BC3978 /* Project object */;
			proxyType = 1;
			remoteGlobalIDString = 324DB74F19AB7D2900BC3978;
			remoteInfo = Tweek;
		};
/* End PBXContainerItemProxy section */

/* Begin PBXFileReference section */
		324DB75019AB7D2900BC3978 /* Tweek.app */ = {isa = PBXFileReference; explicitFileType = wrapper.application; includeInIndex = 0; path = Tweek.app; sourceTree = BUILT_PRODUCTS_DIR; };
		324DB75319AB7D2900BC3978 /* Foundation.framework */ = {isa = PBXFileReference; lastKnownFileType = wrapper.framework; name = Foundation.framework; path = System/Library/Frameworks/Foundation.framework; sourceTree = SDKROOT; };
		324DB75519AB7D2900BC3978 /* CoreGraphics.framework */ = {isa = PBXFileReference; lastKnownFileType = wrapper.framework; name = CoreGraphics.framework; path = System/Library/Frameworks/CoreGraphics.framework; sourceTree = SDKROOT; };
		324DB75719AB7D2900BC3978 /* UIKit.framework */ = {isa = PBXFileReference; lastKnownFileType = wrapper.framework; name = UIKit.framework; path = System/Library/Frameworks/UIKit.framework; sourceTree = SDKROOT; };
		324DB75B19AB7D2900BC3978 /* Tweek-Info.plist */ = {isa = PBXFileReference; lastKnownFileType = text.plist.xml; path = "Tweek-Info.plist"; sourceTree = "<group>"; };
		324DB75D19AB7D2900BC3978 /* en */ = {isa = PBXFileReference; lastKnownFileType = text.plist.strings; name = en; path = en.lproj/InfoPlist.strings; sourceTree = "<group>"; };
		324DB75F19AB7D2900BC3978 /* main.m */ = {isa = PBXFileReference; lastKnownFileType = sourcecode.c.objc; path = main.m; sourceTree = "<group>"; };
		324DB76119AB7D2900BC3978 /* Tweek-Prefix.pch */ = {isa = PBXFileReference; lastKnownFileType = sourcecode.c.h; path = "Tweek-Prefix.pch"; sourceTree = "<group>"; };
		324DB76219AB7D2900BC3978 /* AppDelegate.h */ = {isa = PBXFileReference; lastKnownFileType = sourcecode.c.h; path = AppDelegate.h; sourceTree = "<group>"; };
		324DB76319AB7D2900BC3978 /* AppDelegate.m */ = {isa = PBXFileReference; lastKnownFileType = sourcecode.c.objc; path = AppDelegate.m; sourceTree = "<group>"; };
		324DB76619AB7D2900BC3978 /* Base */ = {isa = PBXFileReference; lastKnownFileType = file.storyboard; name = Base; path = Base.lproj/Main.storyboard; sourceTree = "<group>"; };
		324DB76819AB7D2900BC3978 /* ViewController.h */ = {isa = PBXFileReference; lastKnownFileType = sourcecode.c.h; path = ViewController.h; sourceTree = "<group>"; };
		324DB76919AB7D2900BC3978 /* ViewController.m */ = {isa = PBXFileReference; lastKnownFileType = sourcecode.c.objc; path = ViewController.m; sourceTree = "<group>"; };
		324DB76B19AB7D2900BC3978 /* Images.xcassets */ = {isa = PBXFileReference; lastKnownFileType = folder.assetcatalog; path = Images.xcassets; sourceTree = "<group>"; };
		324DB77119AB7D2900BC3978 /* TweekTests.xctest */ = {isa = PBXFileReference; explicitFileType = wrapper.cfbundle; includeInIndex = 0; path = TweekTests.xctest; sourceTree = BUILT_PRODUCTS_DIR; };
		324DB77219AB7D2900BC3978 /* XCTest.framework */ = {isa = PBXFileReference; lastKnownFileType = wrapper.framework; name = XCTest.framework; path = Library/Frameworks/XCTest.framework; sourceTree = DEVELOPER_DIR; };
		324DB77A19AB7D2900BC3978 /* TweekTests-Info.plist */ = {isa = PBXFileReference; lastKnownFileType = text.plist.xml; path = "TweekTests-Info.plist"; sourceTree = "<group>"; };
		324DB77C19AB7D2900BC3978 /* en */ = {isa = PBXFileReference; lastKnownFileType = text.plist.strings; name = en; path = en.lproj/InfoPlist.strings; sourceTree = "<group>"; };
		324DB77E19AB7D2900BC3978 /* TweekTests.m */ = {isa = PBXFileReference; lastKnownFileType = sourcecode.c.objc; path = TweekTests.m; sourceTree = "<group>"; };
		324DB78819AB7D5200BC3978 /* Accounts.framework */ = {isa = PBXFileReference; lastKnownFileType = wrapper.framework; name = Accounts.framework; path = System/Library/Frameworks/Accounts.framework; sourceTree = SDKROOT; };
		324DB78A19AB7D6500BC3978 /* Social.framework */ = {isa = PBXFileReference; lastKnownFileType = wrapper.framework; name = Social.framework; path = System/Library/Frameworks/Social.framework; sourceTree = SDKROOT; };
		324DB78C19ABA1A700BC3978 /* NewTWTViewController.h */ = {isa = PBXFileReference; fileEncoding = 4; lastKnownFileType = sourcecode.c.h; name = NewTWTViewController.h; path = ../NewTWTViewController.h; sourceTree = "<group>"; };
		324DB78D19ABA1A700BC3978 /* NewTWTViewController.m */ = {isa = PBXFileReference; fileEncoding = 4; lastKnownFileType = sourcecode.c.objc; name = NewTWTViewController.m; path = ../NewTWTViewController.m; sourceTree = "<group>"; };
		324DB78F19AC640E00BC3978 /* README.md */ = {isa = PBXFileReference; fileEncoding = 4; lastKnownFileType = text; name = README.md; path = ../README.md; sourceTree = "<group>"; };
		324DB79119AC670C00BC3978 /* constants.h */ = {isa = PBXFileReference; lastKnownFileType = sourcecode.c.h; path = constants.h; sourceTree = "<group>"; };
/* End PBXFileReference section */

/* Begin PBXFrameworksBuildPhase section */
		324DB74D19AB7D2900BC3978 /* Frameworks */ = {
			isa = PBXFrameworksBuildPhase;
			buildActionMask = 2147483647;
			files = (
				324DB78B19AB7D6500BC3978 /* Social.framework in Frameworks */,
				324DB78919AB7D5200BC3978 /* Accounts.framework in Frameworks */,
				324DB75619AB7D2900BC3978 /* CoreGraphics.framework in Frameworks */,
				324DB75819AB7D2900BC3978 /* UIKit.framework in Frameworks */,
				324DB75419AB7D2900BC3978 /* Foundation.framework in Frameworks */,
			);
			runOnlyForDeploymentPostprocessing = 0;
		};
		324DB76E19AB7D2900BC3978 /* Frameworks */ = {
			isa = PBXFrameworksBuildPhase;
			buildActionMask = 2147483647;
			files = (
				324DB77319AB7D2900BC3978 /* XCTest.framework in Frameworks */,
				324DB77519AB7D2900BC3978 /* UIKit.framework in Frameworks */,
				324DB77419AB7D2900BC3978 /* Foundation.framework in Frameworks */,
			);
			runOnlyForDeploymentPostprocessing = 0;
		};
/* End PBXFrameworksBuildPhase section */

/* Begin PBXGroup section */
		324DB74719AB7D2900BC3978 = {
			isa = PBXGroup;
			children = (
				324DB75919AB7D2900BC3978 /* Tweek */,
				324DB77819AB7D2900BC3978 /* TweekTests */,
				324DB75219AB7D2900BC3978 /* Frameworks */,
				324DB75119AB7D2900BC3978 /* Products */,
			);
			sourceTree = "<group>";
		};
		324DB75119AB7D2900BC3978 /* Products */ = {
			isa = PBXGroup;
			children = (
				324DB75019AB7D2900BC3978 /* Tweek.app */,
				324DB77119AB7D2900BC3978 /* TweekTests.xctest */,
			);
			name = Products;
			sourceTree = "<group>";
		};
		324DB75219AB7D2900BC3978 /* Frameworks */ = {
			isa = PBXGroup;
			children = (
				324DB78A19AB7D6500BC3978 /* Social.framework */,
				324DB78819AB7D5200BC3978 /* Accounts.framework */,
				324DB75319AB7D2900BC3978 /* Foundation.framework */,
				324DB75519AB7D2900BC3978 /* CoreGraphics.framework */,
				324DB75719AB7D2900BC3978 /* UIKit.framework */,
				324DB77219AB7D2900BC3978 /* XCTest.framework */,
			);
			name = Frameworks;
			sourceTree = "<group>";
		};
		324DB75919AB7D2900BC3978 /* Tweek */ = {
			isa = PBXGroup;
			children = (
				324DB76219AB7D2900BC3978 /* AppDelegate.h */,
				324DB76319AB7D2900BC3978 /* AppDelegate.m */,
				324DB76519AB7D2900BC3978 /* Main.storyboard */,
				324DB76819AB7D2900BC3978 /* ViewController.h */,
				324DB76919AB7D2900BC3978 /* ViewController.m */,
				324DB78C19ABA1A700BC3978 /* NewTWTViewController.h */,
				324DB78D19ABA1A700BC3978 /* NewTWTViewController.m */,
				324DB76B19AB7D2900BC3978 /* Images.xcassets */,
				324DB75A19AB7D2900BC3978 /* Supporting Files */,
				324DB79119AC670C00BC3978 /* constants.h */,
			);
			path = Tweek;
			sourceTree = "<group>";
		};
		324DB75A19AB7D2900BC3978 /* Supporting Files */ = {
			isa = PBXGroup;
			children = (
				324DB78F19AC640E00BC3978 /* README.md */,
				324DB75B19AB7D2900BC3978 /* Tweek-Info.plist */,
				324DB75C19AB7D2900BC3978 /* InfoPlist.strings */,
				324DB75F19AB7D2900BC3978 /* main.m */,
				324DB76119AB7D2900BC3978 /* Tweek-Prefix.pch */,
			);
			name = "Supporting Files";
			sourceTree = "<group>";
		};
		324DB77819AB7D2900BC3978 /* TweekTests */ = {
			isa = PBXGroup;
			children = (
				324DB77E19AB7D2900BC3978 /* TweekTests.m */,
				324DB77919AB7D2900BC3978 /* Supporting Files */,
			);
			path = TweekTests;
			sourceTree = "<group>";
		};
		324DB77919AB7D2900BC3978 /* Supporting Files */ = {
			isa = PBXGroup;
			children = (
				324DB77A19AB7D2900BC3978 /* TweekTests-Info.plist */,
				324DB77B19AB7D2900BC3978 /* InfoPlist.strings */,
			);
			name = "Supporting Files";
			sourceTree = "<group>";
		};
/* End PBXGroup section */

/* Begin PBXNativeTarget section */
		324DB74F19AB7D2900BC3978 /* Tweek */ = {
			isa = PBXNativeTarget;
			buildConfigurationList = 324DB78219AB7D2900BC3978 /* Build configuration list for PBXNativeTarget "Tweek" */;
			buildPhases = (
				324DB74C19AB7D2900BC3978 /* Sources */,
				324DB74D19AB7D2900BC3978 /* Frameworks */,
				324DB74E19AB7D2900BC3978 /* Resources */,
			);
			buildRules = (
			);
			dependencies = (
			);
			name = Tweek;
			productName = Tweek;
			productReference = 324DB75019AB7D2900BC3978 /* Tweek.app */;
			productType = "com.apple.product-type.application";
		};
		324DB77019AB7D2900BC3978 /* TweekTests */ = {
			isa = PBXNativeTarget;
			buildConfigurationList = 324DB78519AB7D2900BC3978 /* Build configuration list for PBXNativeTarget "TweekTests" */;
			buildPhases = (
				324DB76D19AB7D2900BC3978 /* Sources */,
				324DB76E19AB7D2900BC3978 /* Frameworks */,
				324DB76F19AB7D2900BC3978 /* Resources */,
			);
			buildRules = (
			);
			dependencies = (
				324DB77719AB7D2900BC3978 /* PBXTargetDependency */,
			);
			name = TweekTests;
			productName = TweekTests;
			productReference = 324DB77119AB7D2900BC3978 /* TweekTests.xctest */;
			productType = "com.apple.product-type.bundle.unit-test";
		};
/* End PBXNativeTarget section */

/* Begin PBXProject section */
		324DB74819AB7D2900BC3978 /* Project object */ = {
			isa = PBXProject;
			attributes = {
				LastUpgradeCheck = 0510;
				ORGANIZATIONNAME = "Shamansky A.";
				TargetAttributes = {
					324DB77019AB7D2900BC3978 = {
						TestTargetID = 324DB74F19AB7D2900BC3978;
					};
				};
			};
			buildConfigurationList = 324DB74B19AB7D2900BC3978 /* Build configuration list for PBXProject "Tweek" */;
			compatibilityVersion = "Xcode 3.2";
			developmentRegion = English;
			hasScannedForEncodings = 0;
			knownRegions = (
				en,
				Base,
			);
			mainGroup = 324DB74719AB7D2900BC3978;
			productRefGroup = 324DB75119AB7D2900BC3978 /* Products */;
			projectDirPath = "";
			projectRoot = "";
			targets = (
				324DB74F19AB7D2900BC3978 /* Tweek */,
				324DB77019AB7D2900BC3978 /* TweekTests */,
			);
		};
/* End PBXProject section */

/* Begin PBXResourcesBuildPhase section */
		324DB74E19AB7D2900BC3978 /* Resources */ = {
			isa = PBXResourcesBuildPhase;
			buildActionMask = 2147483647;
			files = (
				324DB76C19AB7D2900BC3978 /* Images.xcassets in Resources */,
				324DB75E19AB7D2900BC3978 /* InfoPlist.strings in Resources */,
				324DB79019AC640E00BC3978 /* README.md in Resources */,
				324DB76719AB7D2900BC3978 /* Main.storyboard in Resources */,
			);
			runOnlyForDeploymentPostprocessing = 0;
		};
		324DB76F19AB7D2900BC3978 /* Resources */ = {
			isa = PBXResourcesBuildPhase;
			buildActionMask = 2147483647;
			files = (
				324DB77D19AB7D2900BC3978 /* InfoPlist.strings in Resources */,
			);
			runOnlyForDeploymentPostprocessing = 0;
		};
/* End PBXResourcesBuildPhase section */

/* Begin PBXSourcesBuildPhase section */
		324DB74C19AB7D2900BC3978 /* Sources */ = {
			isa = PBXSourcesBuildPhase;
			buildActionMask = 2147483647;
			files = (
				324DB76A19AB7D2900BC3978 /* ViewController.m in Sources */,
				324DB78E19ABA1A700BC3978 /* NewTWTViewController.m in Sources */,
				324DB76419AB7D2900BC3978 /* AppDelegate.m in Sources */,
				324DB76019AB7D2900BC3978 /* main.m in Sources */,
			);
			runOnlyForDeploymentPostprocessing = 0;
		};
		324DB76D19AB7D2900BC3978 /* Sources */ = {
			isa = PBXSourcesBuildPhase;
			buildActionMask = 2147483647;
			files = (
				324DB77F19AB7D2900BC3978 /* TweekTests.m in Sources */,
			);
			runOnlyForDeploymentPostprocessing = 0;
		};
/* End PBXSourcesBuildPhase section */

/* Begin PBXTargetDependency section */
		324DB77719AB7D2900BC3978 /* PBXTargetDependency */ = {
			isa = PBXTargetDependency;
			target = 324DB74F19AB7D2900BC3978 /* Tweek */;
			targetProxy = 324DB77619AB7D2900BC3978 /* PBXContainerItemProxy */;
		};
/* End PBXTargetDependency section */

/* Begin PBXVariantGroup section */
		324DB75C19AB7D2900BC3978 /* InfoPlist.strings */ = {
			isa = PBXVariantGroup;
			children = (
				324DB75D19AB7D2900BC3978 /* en */,
			);
			name = InfoPlist.strings;
			sourceTree = "<group>";
		};
		324DB76519AB7D2900BC3978 /* Main.storyboard */ = {
			isa = PBXVariantGroup;
			children = (
				324DB76619AB7D2900BC3978 /* Base */,
			);
			name = Main.storyboard;
			sourceTree = "<group>";
		};
		324DB77B19AB7D2900BC3978 /* InfoPlist.strings */ = {
			isa = PBXVariantGroup;
			children = (
				324DB77C19AB7D2900BC3978 /* en */,
			);
			name = InfoPlist.strings;
			sourceTree = "<group>";
		};
/* End PBXVariantGroup section */

/* Begin XCBuildConfiguration section */
		324DB78019AB7D2900BC3978 /* Debug */ = {
			isa = XCBuildConfiguration;
			buildSettings = {
				ALWAYS_SEARCH_USER_PATHS = NO;
				CLANG_CXX_LANGUAGE_STANDARD = "gnu++0x";
				CLANG_CXX_LIBRARY = "libc++";
				CLANG_ENABLE_MODULES = YES;
				CLANG_ENABLE_OBJC_ARC = YES;
				CLANG_WARN_BOOL_CONVERSION = YES;
				CLANG_WARN_CONSTANT_CONVERSION = YES;
				CLANG_WARN_DIRECT_OBJC_ISA_USAGE = YES_ERROR;
				CLANG_WARN_EMPTY_BODY = YES;
				CLANG_WARN_ENUM_CONVERSION = YES;
				CLANG_WARN_INT_CONVERSION = YES;
				CLANG_WARN_OBJC_ROOT_CLASS = YES_ERROR;
				CLANG_WARN__DUPLICATE_METHOD_MATCH = YES;
				"CODE_SIGN_IDENTITY[sdk=iphoneos*]" = "iPhone Developer";
				COPY_PHASE_STRIP = NO;
				GCC_C_LANGUAGE_STANDARD = gnu99;
				GCC_DYNAMIC_NO_PIC = NO;
				GCC_OPTIMIZATION_LEVEL = 0;
				GCC_PREPROCESSOR_DEFINITIONS = (
					"DEBUG=1",
					"$(inherited)",
				);
				GCC_SYMBOLS_PRIVATE_EXTERN = NO;
				GCC_WARN_64_TO_32_BIT_CONVERSION = YES;
				GCC_WARN_ABOUT_RETURN_TYPE = YES_ERROR;
				GCC_WARN_UNDECLARED_SELECTOR = YES;
				GCC_WARN_UNINITIALIZED_AUTOS = YES_AGGRESSIVE;
				GCC_WARN_UNUSED_FUNCTION = YES;
				GCC_WARN_UNUSED_VARIABLE = YES;
				IPHONEOS_DEPLOYMENT_TARGET = 7.1;
				ONLY_ACTIVE_ARCH = YES;
				SDKROOT = iphoneos;
			};
			name = Debug;
		};
		324DB78119AB7D2900BC3978 /* Release */ = {
			isa = XCBuildConfiguration;
			buildSettings = {
				ALWAYS_SEARCH_USER_PATHS = NO;
				CLANG_CXX_LANGUAGE_STANDARD = "gnu++0x";
				CLANG_CXX_LIBRARY = "libc++";
				CLANG_ENABLE_MODULES = YES;
				CLANG_ENABLE_OBJC_ARC = YES;
				CLANG_WARN_BOOL_CONVERSION = YES;
				CLANG_WARN_CONSTANT_CONVERSION = YES;
				CLANG_WARN_DIRECT_OBJC_ISA_USAGE = YES_ERROR;
				CLANG_WARN_EMPTY_BODY = YES;
				CLANG_WARN_ENUM_CONVERSION = YES;
				CLANG_WARN_INT_CONVERSION = YES;
				CLANG_WARN_OBJC_ROOT_CLASS = YES_ERROR;
				CLANG_WARN__DUPLICATE_METHOD_MATCH = YES;
				"CODE_SIGN_IDENTITY[sdk=iphoneos*]" = "iPhone Developer";
				COPY_PHASE_STRIP = YES;
				ENABLE_NS_ASSERTIONS = NO;
				GCC_C_LANGUAGE_STANDARD = gnu99;
				GCC_WARN_64_TO_32_BIT_CONVERSION = YES;
				GCC_WARN_ABOUT_RETURN_TYPE = YES_ERROR;
				GCC_WARN_UNDECLARED_SELECTOR = YES;
				GCC_WARN_UNINITIALIZED_AUTOS = YES_AGGRESSIVE;
				GCC_WARN_UNUSED_FUNCTION = YES;
				GCC_WARN_UNUSED_VARIABLE = YES;
				IPHONEOS_DEPLOYMENT_TARGET = 7.1;
				SDKROOT = iphoneos;
				VALIDATE_PRODUCT = YES;
			};
			name = Release;
		};
		324DB78319AB7D2900BC3978 /* Debug */ = {
			isa = XCBuildConfiguration;
			buildSettings = {
				ASSETCATALOG_COMPILER_APPICON_NAME = AppIcon;
				ASSETCATALOG_COMPILER_LAUNCHIMAGE_NAME = LaunchImage;
				GCC_PRECOMPILE_PREFIX_HEADER = YES;
				GCC_PREFIX_HEADER = "Tweek/Tweek-Prefix.pch";
				INFOPLIST_FILE = "Tweek/Tweek-Info.plist";
				PRODUCT_NAME = "$(TARGET_NAME)";
				WRAPPER_EXTENSION = app;
			};
			name = Debug;
		};
		324DB78419AB7D2900BC3978 /* Release */ = {
			isa = XCBuildConfiguration;
			buildSettings = {
				ASSETCATALOG_COMPILER_APPICON_NAME = AppIcon;
				ASSETCATALOG_COMPILER_LAUNCHIMAGE_NAME = LaunchImage;
				GCC_PRECOMPILE_PREFIX_HEADER = YES;
				GCC_PREFIX_HEADER = "Tweek/Tweek-Prefix.pch";
				INFOPLIST_FILE = "Tweek/Tweek-Info.plist";
				PRODUCT_NAME = "$(TARGET_NAME)";
				WRAPPER_EXTENSION = app;
			};
			name = Release;
		};
		324DB78619AB7D2900BC3978 /* Debug */ = {
			isa = XCBuildConfiguration;
			buildSettings = {
				BUNDLE_LOADER = "$(BUILT_PRODUCTS_DIR)/Tweek.app/Tweek";
				FRAMEWORK_SEARCH_PATHS = (
					"$(SDKROOT)/Developer/Library/Frameworks",
					"$(inherited)",
					"$(DEVELOPER_FRAMEWORKS_DIR)",
				);
				GCC_PRECOMPILE_PREFIX_HEADER = YES;
				GCC_PREFIX_HEADER = "Tweek/Tweek-Prefix.pch";
				GCC_PREPROCESSOR_DEFINITIONS = (
					"DEBUG=1",
					"$(inherited)",
				);
				INFOPLIST_FILE = "TweekTests/TweekTests-Info.plist";
				PRODUCT_NAME = "$(TARGET_NAME)";
				TEST_HOST = "$(BUNDLE_LOADER)";
				WRAPPER_EXTENSION = xctest;
			};
			name = Debug;
		};
		324DB78719AB7D2900BC3978 /* Release */ = {
			isa = XCBuildConfiguration;
			buildSettings = {
				BUNDLE_LOADER = "$(BUILT_PRODUCTS_DIR)/Tweek.app/Tweek";
				FRAMEWORK_SEARCH_PATHS = (
					"$(SDKROOT)/Developer/Library/Frameworks",
					"$(inherited)",
					"$(DEVELOPER_FRAMEWORKS_DIR)",
				);
				GCC_PRECOMPILE_PREFIX_HEADER = YES;
				GCC_PREFIX_HEADER = "Tweek/Tweek-Prefix.pch";
				INFOPLIST_FILE = "TweekTests/TweekTests-Info.plist";
				PRODUCT_NAME = "$(TARGET_NAME)";
				TEST_HOST = "$(BUNDLE_LOADER)";
				WRAPPER_EXTENSION = xctest;
			};
			name = Release;
		};
/* End XCBuildConfiguration section */

/* Begin XCConfigurationList section */
		324DB74B19AB7D2900BC3978 /* Build configuration list for PBXProject "Tweek" */ = {
			isa = XCConfigurationList;
			buildConfigurations = (
				324DB78019AB7D2900BC3978 /* Debug */,
				324DB78119AB7D2900BC3978 /* Release */,
			);
			defaultConfigurationIsVisible = 0;
			defaultConfigurationName = Release;
		};
		324DB78219AB7D2900BC3978 /* Build configuration list for PBXNativeTarget "Tweek" */ = {
			isa = XCConfigurationList;
			buildConfigurations = (
				324DB78319AB7D2900BC3978 /* Debug */,
				324DB78419AB7D2900BC3978 /* Release */,
			);
			defaultConfigurationIsVisible = 0;
		};
		324DB78519AB7D2900BC3978 /* Build configuration list for PBXNativeTarget "TweekTests" */ = {
			isa = XCConfigurationList;
			buildConfigurations = (
				324DB78619AB7D2900BC3978 /* Debug */,
				324DB78719AB7D2900BC3978 /* Release */,
			);
			defaultConfigurationIsVisible = 0;
		};
/* End XCConfigurationList section */
	};
	rootObject = 324DB74819AB7D2900BC3978 /* Project object */;
}
